
Microsoft Visual Studio Solution File, Format Version 12.00
# Visual Studio Version 17
VisualStudioVersion = 17.14.36518.9 d17.14
MinimumVisualStudioVersion = 10.0.40219.1
Project("{FAE04EC0-301F-11D3-BF4B-00C04F79EFBC}") = "EmployeeApp", "EmployeeApp\EmployeeApp.csproj", "{09C42B68-BE5A-E278-9310-241D43A55093}"
EndProject
Global
	GlobalSection(SolutionConfigurationPlatforms) = preSolution
		Debug|Any CPU = Debug|Any CPU
		Release|Any CPU = Release|Any CPU
	EndGlobalSection
	GlobalSection(ProjectConfigurationPlatforms) = postSolution
		{09C42B68-BE5A-E278-9310-241D43A55093}.Debug|Any CPU.ActiveCfg = Debug|Any CPU
		{09C42B68-BE5A-E278-9310-241D43A55093}.Debug|Any CPU.Build.0 = Debug|Any CPU
		{09C42B68-BE5A-E278-9310-241D43A55093}.Release|Any CPU.ActiveCfg = Release|Any CPU
		{09C42B68-BE5A-E278-9310-241D43A55093}.Release|Any CPU.Build.0 = Release|Any CPU
	EndGlobalSection
	GlobalSection(SolutionProperties) = preSolution
		HideSolutionNode = FALSE
	EndGlobalSection
	GlobalSection(ExtensibilityGlobals) = postSolution
		SolutionGuid = {40844D18-8D4A-4D10-9098-9A54E3986DE3}
	EndGlobalSection
EndGlobal
